
Microsoft Visual Studio Solution File, Format Version 12.00
# Visual Studio Version 17
VisualStudioVersion = 17.4.33403.182
MinimumVisualStudioVersion = 10.0.40219.1
Project("{FAE04EC0-301F-11D3-BF4B-00C04F79EFBC}") = "shkola", "shkola\shkola.csproj", "{4F108C9D-E623-4F9A-9C6F-261E8D7A088B}"
EndProject
Global
	GlobalSection(SolutionConfigurationPlatforms) = preSolution
		Debug|Any CPU = Debug|Any CPU
		Release|Any CPU = Release|Any CPU
	EndGlobalSection
	GlobalSection(ProjectConfigurationPlatforms) = postSolution
		{4F108C9D-E623-4F9A-9C6F-261E8D7A088B}.Debug|Any CPU.ActiveCfg = Debug|Any CPU
		{4F108C9D-E623-4F9A-9C6F-261E8D7A088B}.Debug|Any CPU.Build.0 = Debug|Any CPU
		{4F108C9D-E623-4F9A-9C6F-261E8D7A088B}.Release|Any CPU.ActiveCfg = Release|Any CPU
		{4F108C9D-E623-4F9A-9C6F-261E8D7A088B}.Release|Any CPU.Build.0 = Release|Any CPU
	EndGlobalSection
	GlobalSection(SolutionProperties) = preSolution
		HideSolutionNode = FALSE
	EndGlobalSection
	GlobalSection(ExtensibilityGlobals) = postSolution
		SolutionGuid = {BF21C320-46E5-4C20-9BEC-86AE3E1A926A}
	EndGlobalSection
EndGlobal
